
Microsoft Visual Studio Solution File, Format Version 12.00
# Visual Studio Version 16
VisualStudioVersion = 16.0.31702.278
MinimumVisualStudioVersion = 10.0.40219.1
Project("{FAE04EC0-301F-11D3-BF4B-00C04F79EFBC}") = "Uygulama1", "Uygulama1\Uygulama1.csproj", "{706AD97E-7960-46D0-A39A-A4FA375BF619}"
EndProject
Global
	GlobalSection(SolutionConfigurationPlatforms) = preSolution
		Debug|Any CPU = Debug|Any CPU
		Release|Any CPU = Release|Any CPU
	EndGlobalSection
	GlobalSection(ProjectConfigurationPlatforms) = postSolution
		{706AD97E-7960-46D0-A39A-A4FA375BF619}.Debug|Any CPU.ActiveCfg = Debug|Any CPU
		{706AD97E-7960-46D0-A39A-A4FA375BF619}.Debug|Any CPU.Build.0 = Debug|Any CPU
		{706AD97E-7960-46D0-A39A-A4FA375BF619}.Release|Any CPU.ActiveCfg = Release|Any CPU
		{706AD97E-7960-46D0-A39A-A4FA375BF619}.Release|Any CPU.Build.0 = Release|Any CPU
	EndGlobalSection
	GlobalSection(SolutionProperties) = preSolution
		HideSolutionNode = FALSE
	EndGlobalSection
	GlobalSection(ExtensibilityGlobals) = postSolution
		SolutionGuid = {3E9B3BA7-D3C1-46C8-96A5-A3BD9055CE76}
	EndGlobalSection
EndGlobal
