
Microsoft Visual Studio Solution File, Format Version 12.00
# Visual Studio Version 17
VisualStudioVersion = 17.0.31903.59
MinimumVisualStudioVersion = 10.0.40219.1
Project("{FAE04EC0-301F-11D3-BF4B-00C04F79EFBC}") = "LambdaVeLinq", "LambdaVeLinq\LambdaVeLinq.csproj", "{0AB6C853-BE6F-4823-A616-A2A09F17FDB9}"
EndProject
Global
	GlobalSection(SolutionConfigurationPlatforms) = preSolution
		Debug|Any CPU = Debug|Any CPU
		Release|Any CPU = Release|Any CPU
	EndGlobalSection
	GlobalSection(ProjectConfigurationPlatforms) = postSolution
		{0AB6C853-BE6F-4823-A616-A2A09F17FDB9}.Debug|Any CPU.ActiveCfg = Debug|Any CPU
		{0AB6C853-BE6F-4823-A616-A2A09F17FDB9}.Debug|Any CPU.Build.0 = Debug|Any CPU
		{0AB6C853-BE6F-4823-A616-A2A09F17FDB9}.Release|Any CPU.ActiveCfg = Release|Any CPU
		{0AB6C853-BE6F-4823-A616-A2A09F17FDB9}.Release|Any CPU.Build.0 = Release|Any CPU
	EndGlobalSection
	GlobalSection(SolutionProperties) = preSolution
		HideSolutionNode = FALSE
	EndGlobalSection
	GlobalSection(ExtensibilityGlobals) = postSolution
		SolutionGuid = {984773F7-B72E-4B57-8CD1-6E8807181243}
	EndGlobalSection
EndGlobal
